// !$*UTF8*$!
{
	archiveVersion = 1;
	classes = {
	};
	objectVersion = 48;
	objects = {

/* Begin PBXBuildFile section */
		24057D5221404755005B7AD7 /* api.plist in Resources */ = {isa = PBXBuildFile; fileRef = 24057D5121404755005B7AD7 /* api.plist */; };
		240A592B214955F80069119C /* star.png in Resources */ = {isa = PBXBuildFile; fileRef = 240A592A214955F80069119C /* star.png */; };
		240A592F214956CA0069119C /* movie.png in Resources */ = {isa = PBXBuildFile; fileRef = 240A592E214956CA0069119C /* movie.png */; };
		2412370F2147AAA4004EADAD /* libsqlite3.0.tbd in Frameworks */ = {isa = PBXBuildFile; fileRef = 2412370E2147AAA3004EADAD /* libsqlite3.0.tbd */; };
		241237132147DB2C004EADAD /* nonStarred.png in Resources */ = {isa = PBXBuildFile; fileRef = 241237122147DB2C004EADAD /* nonStarred.png */; };
		244CDB5C213E4EB900E47683 /* HomeTab.png in Resources */ = {isa = PBXBuildFile; fileRef = 244CDB5B213E4EB800E47683 /* HomeTab.png */; };
		244E615D2146F4AE00D9F40F /* highestRated.png in Resources */ = {isa = PBXBuildFile; fileRef = 244E615B2146F4AE00D9F40F /* highestRated.png */; };
		244E615E2146F4AE00D9F40F /* mostPopular.png in Resources */ = {isa = PBXBuildFile; fileRef = 244E615C2146F4AE00D9F40F /* mostPopular.png */; };
		245B4463214A800C00159854 /* Reachability.m in Sources */ = {isa = PBXBuildFile; fileRef = 245B4461214A800A00159854 /* Reachability.m */; };
		245B4465214A804800159854 /* SystemConfiguration.framework in Frameworks */ = {isa = PBXBuildFile; fileRef = 245B4464214A804800159854 /* SystemConfiguration.framework */; };
		245E2DF8213FE6440049F944 /* FavoritesCollectionViewController.m in Sources */ = {isa = PBXBuildFile; fileRef = 245E2DF7213FE6440049F944 /* FavoritesCollectionViewController.m */; };
		247B6AFA21407E0C00E85BC5 /* Movie.m in Sources */ = {isa = PBXBuildFile; fileRef = 247B6AF921407E0C00E85BC5 /* Movie.m */; };
		2483B7BC213F1DAC0060FF69 /* FavTab.png in Resources */ = {isa = PBXBuildFile; fileRef = 2483B7BB213F1DAC0060FF69 /* FavTab.png */; };
		24C6D8D5213DF2670059D055 /* AppDelegate.m in Sources */ = {isa = PBXBuildFile; fileRef = 24C6D8D4213DF2670059D055 /* AppDelegate.m */; };
		24C6D8D8213DF2670059D055 /* ViewController.m in Sources */ = {isa = PBXBuildFile; fileRef = 24C6D8D7213DF2670059D055 /* ViewController.m */; };
		24C6D8DB213DF2670059D055 /* Main.storyboard in Resources */ = {isa = PBXBuildFile; fileRef = 24C6D8D9213DF2670059D055 /* Main.storyboard */; };
		24C6D8DD213DF2670059D055 /* Assets.xcassets in Resources */ = {isa = PBXBuildFile; fileRef = 24C6D8DC213DF2670059D055 /* Assets.xcassets */; };
		24C6D8E3213DF2670059D055 /* main.m in Sources */ = {isa = PBXBuildFile; fileRef = 24C6D8E2213DF2670059D055 /* main.m */; };
		24C6D8ED213DF2670059D055 /* MoviesAppTests.m in Sources */ = {isa = PBXBuildFile; fileRef = 24C6D8EC213DF2670059D055 /* MoviesAppTests.m */; };
		24C6D8F8213DF2670059D055 /* MoviesAppUITests.m in Sources */ = {isa = PBXBuildFile; fileRef = 24C6D8F7213DF2670059D055 /* MoviesAppUITests.m */; };
		24C6D907213DF2F50059D055 /* HomeCollectionViewController.m in Sources */ = {isa = PBXBuildFile; fileRef = 24C6D906213DF2F50059D055 /* HomeCollectionViewController.m */; };
		24C6D90A213DF3820059D055 /* MovieDetailsViewController.m in Sources */ = {isa = PBXBuildFile; fileRef = 24C6D909213DF3820059D055 /* MovieDetailsViewController.m */; };
		24CC9A2121413EA2006DC240 /* YoutubeViewController.m in Sources */ = {isa = PBXBuildFile; fileRef = 24CC9A2021413EA2006DC240 /* YoutubeViewController.m */; };
		83555A67F7904A477A1CFA66 /* libPods-MoviesApp.a in Frameworks */ = {isa = PBXBuildFile; fileRef = DD3AABCECAC84F39F71D82BA /* libPods-MoviesApp.a */; };
/* End PBXBuildFile section */

/* Begin PBXContainerItemProxy section */
		24C6D8E9213DF2670059D055 /* PBXContainerItemProxy */ = {
			isa = PBXContainerItemProxy;
			containerPortal = 24C6D8C8213DF2660059D055 /* Project object */;
			proxyType = 1;
			remoteGlobalIDString = 24C6D8CF213DF2660059D055;
			remoteInfo = MoviesApp;
		};
		24C6D8F4213DF2670059D055 /* PBXContainerItemProxy */ = {
			isa = PBXContainerItemProxy;
			containerPortal = 24C6D8C8213DF2660059D055 /* Project object */;
			proxyType = 1;
			remoteGlobalIDString = 24C6D8CF213DF2660059D055;
			remoteInfo = MoviesApp;
		};
/* End PBXContainerItemProxy section */

/* Begin PBXFileReference section */
		24057D5121404755005B7AD7 /* api.plist */ = {isa = PBXFileReference; lastKnownFileType = text.plist.xml; path = api.plist; sourceTree = "<group>"; };
		240A592A214955F80069119C /* star.png */ = {isa = PBXFileReference; lastKnownFileType = image.png; path = star.png; sourceTree = "<group>"; };
		240A592E214956CA0069119C /* movie.png */ = {isa = PBXFileReference; lastKnownFileType = image.png; path = movie.png; sourceTree = "<group>"; };
		2412370E2147AAA3004EADAD /* libsqlite3.0.tbd */ = {isa = PBXFileReference; lastKnownFileType = "sourcecode.text-based-dylib-definition"; name = libsqlite3.0.tbd; path = usr/lib/libsqlite3.0.tbd; sourceTree = SDKROOT; };
		241237122147DB2C004EADAD /* nonStarred.png */ = {isa = PBXFileReference; lastKnownFileType = image.png; path = nonStarred.png; sourceTree = "<group>"; };
		244CDB5B213E4EB800E47683 /* HomeTab.png */ = {isa = PBXFileReference; lastKnownFileType = image.png; path = HomeTab.png; sourceTree = "<group>"; };
		244E615B2146F4AE00D9F40F /* highestRated.png */ = {isa = PBXFileReference; lastKnownFileType = image.png; path = highestRated.png; sourceTree = "<group>"; };
		244E615C2146F4AE00D9F40F /* mostPopular.png */ = {isa = PBXFileReference; lastKnownFileType = image.png; path = mostPopular.png; sourceTree = "<group>"; };
		245B4461214A800A00159854 /* Reachability.m */ = {isa = PBXFileReference; fileEncoding = 4; lastKnownFileType = sourcecode.c.objc; path = Reachability.m; sourceTree = "<group>"; };
		245B4462214A800C00159854 /* Reachability.h */ = {isa = PBXFileReference; fileEncoding = 4; lastKnownFileType = sourcecode.c.h; path = Reachability.h; sourceTree = "<group>"; };
		245B4464214A804800159854 /* SystemConfiguration.framework */ = {isa = PBXFileReference; lastKnownFileType = wrapper.framework; name = SystemConfiguration.framework; path = System/Library/Frameworks/SystemConfiguration.framework; sourceTree = SDKROOT; };
		245E2DF6213FE6440049F944 /* FavoritesCollectionViewController.h */ = {isa = PBXFileReference; lastKnownFileType = sourcecode.c.h; path = FavoritesCollectionViewController.h; sourceTree = "<group>"; };
		245E2DF7213FE6440049F944 /* FavoritesCollectionViewController.m */ = {isa = PBXFileReference; lastKnownFileType = sourcecode.c.objc; path = FavoritesCollectionViewController.m; sourceTree = "<group>"; };
		245F8408D485720D8671DA0F /* Pods-MoviesApp.debug.xcconfig */ = {isa = PBXFileReference; includeInIndex = 1; lastKnownFileType = text.xcconfig; name = "Pods-MoviesApp.debug.xcconfig"; path = "Pods/Target Support Files/Pods-MoviesApp/Pods-MoviesApp.debug.xcconfig"; sourceTree = "<group>"; };
		247B6AF821407E0C00E85BC5 /* Movie.h */ = {isa = PBXFileReference; lastKnownFileType = sourcecode.c.h; path = Movie.h; sourceTree = "<group>"; };
		247B6AF921407E0C00E85BC5 /* Movie.m */ = {isa = PBXFileReference; lastKnownFileType = sourcecode.c.objc; path = Movie.m; sourceTree = "<group>"; };
		247B6AFB21409F2E00E85BC5 /* MovieDetailsDelegate.h */ = {isa = PBXFileReference; lastKnownFileType = sourcecode.c.h; path = MovieDetailsDelegate.h; sourceTree = "<group>"; };
		2483B7BB213F1DAC0060FF69 /* FavTab.png */ = {isa = PBXFileReference; lastKnownFileType = image.png; path = FavTab.png; sourceTree = "<group>"; };
		24C6D8D0213DF2660059D055 /* MoviesApp.app */ = {isa = PBXFileReference; explicitFileType = wrapper.application; includeInIndex = 0; path = MoviesApp.app; sourceTree = BUILT_PRODUCTS_DIR; };
		24C6D8D3213DF2670059D055 /* AppDelegate.h */ = {isa = PBXFileReference; lastKnownFileType = sourcecode.c.h; path = AppDelegate.h; sourceTree = "<group>"; };
		24C6D8D4213DF2670059D055 /* AppDelegate.m */ = {isa = PBXFileReference; lastKnownFileType = sourcecode.c.objc; path = AppDelegate.m; sourceTree = "<group>"; };
		24C6D8D6213DF2670059D055 /* ViewController.h */ = {isa = PBXFileReference; lastKnownFileType = sourcecode.c.h; path = ViewController.h; sourceTree = "<group>"; };
		24C6D8D7213DF2670059D055 /* ViewController.m */ = {isa = PBXFileReference; lastKnownFileType = sourcecode.c.objc; path = ViewController.m; sourceTree = "<group>"; };
		24C6D8DA213DF2670059D055 /* Base */ = {isa = PBXFileReference; lastKnownFileType = file.storyboard; name = Base; path = Base.lproj/Main.storyboard; sourceTree = "<group>"; };
		24C6D8DC213DF2670059D055 /* Assets.xcassets */ = {isa = PBXFileReference; lastKnownFileType = folder.assetcatalog; path = Assets.xcassets; sourceTree = "<group>"; };
		24C6D8E1213DF2670059D055 /* Info.plist */ = {isa = PBXFileReference; lastKnownFileType = text.plist.xml; path = Info.plist; sourceTree = "<group>"; };
		24C6D8E2213DF2670059D055 /* main.m */ = {isa = PBXFileReference; lastKnownFileType = sourcecode.c.objc; path = main.m; sourceTree = "<group>"; };
		24C6D8E8213DF2670059D055 /* MoviesAppTests.xctest */ = {isa = PBXFileReference; explicitFileType = wrapper.cfbundle; includeInIndex = 0; path = MoviesAppTests.xctest; sourceTree = BUILT_PRODUCTS_DIR; };
		24C6D8EC213DF2670059D055 /* MoviesAppTests.m */ = {isa = PBXFileReference; lastKnownFileType = sourcecode.c.objc; path = MoviesAppTests.m; sourceTree = "<group>"; };
		24C6D8EE213DF2670059D055 /* Info.plist */ = {isa = PBXFileReference; lastKnownFileType = text.plist.xml; path = Info.plist; sourceTree = "<group>"; };
		24C6D8F3213DF2670059D055 /* MoviesAppUITests.xctest */ = {isa = PBXFileReference; explicitFileType = wrapper.cfbundle; includeInIndex = 0; path = MoviesAppUITests.xctest; sourceTree = BUILT_PRODUCTS_DIR; };
		24C6D8F7213DF2670059D055 /* MoviesAppUITests.m */ = {isa = PBXFileReference; lastKnownFileType = sourcecode.c.objc; path = MoviesAppUITests.m; sourceTree = "<group>"; };
		24C6D8F9213DF2670059D055 /* Info.plist */ = {isa = PBXFileReference; lastKnownFileType = text.plist.xml; path = Info.plist; sourceTree = "<group>"; };
		24C6D905213DF2F50059D055 /* HomeCollectionViewController.h */ = {isa = PBXFileReference; lastKnownFileType = sourcecode.c.h; path = HomeCollectionViewController.h; sourceTree = "<group>"; };
		24C6D906213DF2F50059D055 /* HomeCollectionViewController.m */ = {isa = PBXFileReference; lastKnownFileType = sourcecode.c.objc; path = HomeCollectionViewController.m; sourceTree = "<group>"; };
		24C6D908213DF3820059D055 /* MovieDetailsViewController.h */ = {isa = PBXFileReference; lastKnownFileType = sourcecode.c.h; path = MovieDetailsViewController.h; sourceTree = "<group>"; };
		24C6D909213DF3820059D055 /* MovieDetailsViewController.m */ = {isa = PBXFileReference; lastKnownFileType = sourcecode.c.objc; path = MovieDetailsViewController.m; sourceTree = "<group>"; };
		24CC9A1F21413EA2006DC240 /* YoutubeViewController.h */ = {isa = PBXFileReference; lastKnownFileType = sourcecode.c.h; path = YoutubeViewController.h; sourceTree = "<group>"; };
		24CC9A2021413EA2006DC240 /* YoutubeViewController.m */ = {isa = PBXFileReference; lastKnownFileType = sourcecode.c.objc; path = YoutubeViewController.m; sourceTree = "<group>"; };
		702D8833CFACC0A6D23E6A3D /* Pods-MoviesApp.release.xcconfig */ = {isa = PBXFileReference; includeInIndex = 1; lastKnownFileType = text.xcconfig; name = "Pods-MoviesApp.release.xcconfig"; path = "Pods/Target Support Files/Pods-MoviesApp/Pods-MoviesApp.release.xcconfig"; sourceTree = "<group>"; };
		DD3AABCECAC84F39F71D82BA /* libPods-MoviesApp.a */ = {isa = PBXFileReference; explicitFileType = archive.ar; includeInIndex = 0; path = "libPods-MoviesApp.a"; sourceTree = BUILT_PRODUCTS_DIR; };
/* End PBXFileReference section */

/* Begin PBXFrameworksBuildPhase section */
		24C6D8CD213DF2660059D055 /* Frameworks */ = {
			isa = PBXFrameworksBuildPhase;
			buildActionMask = 2147483647;
			files = (
				245B4465214A804800159854 /* SystemConfiguration.framework in Frameworks */,
				2412370F2147AAA4004EADAD /* libsqlite3.0.tbd in Frameworks */,
				83555A67F7904A477A1CFA66 /* libPods-MoviesApp.a in Frameworks */,
			);
			runOnlyForDeploymentPostprocessing = 0;
		};
		24C6D8E5213DF2670059D055 /* Frameworks */ = {
			isa = PBXFrameworksBuildPhase;
			buildActionMask = 2147483647;
			files = (
			);
			runOnlyForDeploymentPostprocessing = 0;
		};
		24C6D8F0213DF2670059D055 /* Frameworks */ = {
			isa = PBXFrameworksBuildPhase;
			buildActionMask = 2147483647;
			files = (
			);
			runOnlyForDeploymentPostprocessing = 0;
		};
/* End PBXFrameworksBuildPhase section */

/* Begin PBXGroup section */
		24C6D8C7213DF2660059D055 = {
			isa = PBXGroup;
			children = (
				24C6D8D2213DF2660059D055 /* MoviesApp */,
				24C6D8EB213DF2670059D055 /* MoviesAppTests */,
				24C6D8F6213DF2670059D055 /* MoviesAppUITests */,
				24C6D8D1213DF2660059D055 /* Products */,
				8581BA5F664A5D255620FD80 /* Pods */,
				F54DEAF74B06B1B73BFE2C4F /* Frameworks */,
			);
			sourceTree = "<group>";
		};
		24C6D8D1213DF2660059D055 /* Products */ = {
			isa = PBXGroup;
			children = (
				24C6D8D0213DF2660059D055 /* MoviesApp.app */,
				24C6D8E8213DF2670059D055 /* MoviesAppTests.xctest */,
				24C6D8F3213DF2670059D055 /* MoviesAppUITests.xctest */,
			);
			name = Products;
			sourceTree = "<group>";
		};
		24C6D8D2213DF2660059D055 /* MoviesApp */ = {
			isa = PBXGroup;
			children = (
				24CC9A242141456D006DC240 /* Essential Files */,
				24CC9A2521414FD4006DC240 /* Images */,
				24CC9A232141452B006DC240 /* ViewControllers */,
				24CC9A2221414519006DC240 /* Model */,
				24C6D8D9213DF2670059D055 /* Main.storyboard */,
				247B6AFB21409F2E00E85BC5 /* MovieDetailsDelegate.h */,
				24057D5121404755005B7AD7 /* api.plist */,
				24C6D8E1213DF2670059D055 /* Info.plist */,
				24C6D8DC213DF2670059D055 /* Assets.xcassets */,
				24C6D8E2213DF2670059D055 /* main.m */,
			);
			path = MoviesApp;
			sourceTree = "<group>";
		};
		24C6D8EB213DF2670059D055 /* MoviesAppTests */ = {
			isa = PBXGroup;
			children = (
				24C6D8EC213DF2670059D055 /* MoviesAppTests.m */,
				24C6D8EE213DF2670059D055 /* Info.plist */,
			);
			path = MoviesAppTests;
			sourceTree = "<group>";
		};
		24C6D8F6213DF2670059D055 /* MoviesAppUITests */ = {
			isa = PBXGroup;
			children = (
				24C6D8F7213DF2670059D055 /* MoviesAppUITests.m */,
				24C6D8F9213DF2670059D055 /* Info.plist */,
			);
			path = MoviesAppUITests;
			sourceTree = "<group>";
		};
		24CC9A2221414519006DC240 /* Model */ = {
			isa = PBXGroup;
			children = (
				247B6AF821407E0C00E85BC5 /* Movie.h */,
				247B6AF921407E0C00E85BC5 /* Movie.m */,
			);
			path = Model;
			sourceTree = "<group>";
		};
		24CC9A232141452B006DC240 /* ViewControllers */ = {
			isa = PBXGroup;
			children = (
				245E2DF6213FE6440049F944 /* FavoritesCollectionViewController.h */,
				245E2DF7213FE6440049F944 /* FavoritesCollectionViewController.m */,
				24C6D908213DF3820059D055 /* MovieDetailsViewController.h */,
				24C6D909213DF3820059D055 /* MovieDetailsViewController.m */,
				24C6D905213DF2F50059D055 /* HomeCollectionViewController.h */,
				24C6D906213DF2F50059D055 /* HomeCollectionViewController.m */,
				24CC9A1F21413EA2006DC240 /* YoutubeViewController.h */,
				24CC9A2021413EA2006DC240 /* YoutubeViewController.m */,
				245B4462214A800C00159854 /* Reachability.h */,
				245B4461214A800A00159854 /* Reachability.m */,
			);
			path = ViewControllers;
			sourceTree = "<group>";
		};
		24CC9A242141456D006DC240 /* Essential Files */ = {
			isa = PBXGroup;
			children = (
				24C6D8D3213DF2670059D055 /* AppDelegate.h */,
				24C6D8D4213DF2670059D055 /* AppDelegate.m */,
				24C6D8D6213DF2670059D055 /* ViewController.h */,
				24C6D8D7213DF2670059D055 /* ViewController.m */,
			);
			path = "Essential Files";
			sourceTree = "<group>";
		};
		24CC9A2521414FD4006DC240 /* Images */ = {
			isa = PBXGroup;
			children = (
				244E615B2146F4AE00D9F40F /* highestRated.png */,
				244E615C2146F4AE00D9F40F /* mostPopular.png */,
				240A592E214956CA0069119C /* movie.png */,
				240A592A214955F80069119C /* star.png */,
				244CDB5B213E4EB800E47683 /* HomeTab.png */,
				241237122147DB2C004EADAD /* nonStarred.png */,
				2483B7BB213F1DAC0060FF69 /* FavTab.png */,
			);
			path = Images;
			sourceTree = "<group>";
		};
		8581BA5F664A5D255620FD80 /* Pods */ = {
			isa = PBXGroup;
			children = (
				245F8408D485720D8671DA0F /* Pods-MoviesApp.debug.xcconfig */,
				702D8833CFACC0A6D23E6A3D /* Pods-MoviesApp.release.xcconfig */,
			);
			name = Pods;
			sourceTree = "<group>";
		};
		F54DEAF74B06B1B73BFE2C4F /* Frameworks */ = {
			isa = PBXGroup;
			children = (
				245B4464214A804800159854 /* SystemConfiguration.framework */,
				2412370E2147AAA3004EADAD /* libsqlite3.0.tbd */,
				DD3AABCECAC84F39F71D82BA /* libPods-MoviesApp.a */,
			);
			name = Frameworks;
			sourceTree = "<group>";
		};
/* End PBXGroup section */

/* Begin PBXNativeTarget section */
		24C6D8CF213DF2660059D055 /* MoviesApp */ = {
			isa = PBXNativeTarget;
			buildConfigurationList = 24C6D8FC213DF2670059D055 /* Build configuration list for PBXNativeTarget "MoviesApp" */;
			buildPhases = (
				970FE1753B32F4F384A3B528 /* [CP] Check Pods Manifest.lock */,
				24C6D8CC213DF2660059D055 /* Sources */,
				24C6D8CD213DF2660059D055 /* Frameworks */,
				24C6D8CE213DF2660059D055 /* Resources */,
				9231CD0C7DEF3ABA766C66E6 /* [CP] Copy Pods Resources */,
			);
			buildRules = (
			);
			dependencies = (
			);
			name = MoviesApp;
			productName = MoviesApp;
			productReference = 24C6D8D0213DF2660059D055 /* MoviesApp.app */;
			productType = "com.apple.product-type.application";
		};
		24C6D8E7213DF2670059D055 /* MoviesAppTests */ = {
			isa = PBXNativeTarget;
			buildConfigurationList = 24C6D8FF213DF2670059D055 /* Build configuration list for PBXNativeTarget "MoviesAppTests" */;
			buildPhases = (
				24C6D8E4213DF2670059D055 /* Sources */,
				24C6D8E5213DF2670059D055 /* Frameworks */,
				24C6D8E6213DF2670059D055 /* Resources */,
			);
			buildRules = (
			);
			dependencies = (
				24C6D8EA213DF2670059D055 /* PBXTargetDependency */,
			);
			name = MoviesAppTests;
			productName = MoviesAppTests;
			productReference = 24C6D8E8213DF2670059D055 /* MoviesAppTests.xctest */;
			productType = "com.apple.product-type.bundle.unit-test";
		};
		24C6D8F2213DF2670059D055 /* MoviesAppUITests */ = {
			isa = PBXNativeTarget;
			buildConfigurationList = 24C6D902213DF2670059D055 /* Build configuration list for PBXNativeTarget "MoviesAppUITests" */;
			buildPhases = (
				24C6D8EF213DF2670059D055 /* Sources */,
				24C6D8F0213DF2670059D055 /* Frameworks */,
				24C6D8F1213DF2670059D055 /* Resources */,
			);
			buildRules = (
			);
			dependencies = (
				24C6D8F5213DF2670059D055 /* PBXTargetDependency */,
			);
			name = MoviesAppUITests;
			productName = MoviesAppUITests;
			productReference = 24C6D8F3213DF2670059D055 /* MoviesAppUITests.xctest */;
			productType = "com.apple.product-type.bundle.ui-testing";
		};
/* End PBXNativeTarget section */

/* Begin PBXProject section */
		24C6D8C8213DF2660059D055 /* Project object */ = {
			isa = PBXProject;
			attributes = {
				LastUpgradeCheck = 0920;
				ORGANIZATIONNAME = "Kerollos Magdy & Mohamed Maged";
				TargetAttributes = {
					24C6D8CF213DF2660059D055 = {
						CreatedOnToolsVersion = 9.2;
						ProvisioningStyle = Automatic;
					};
					24C6D8E7213DF2670059D055 = {
						CreatedOnToolsVersion = 9.2;
						ProvisioningStyle = Automatic;
						TestTargetID = 24C6D8CF213DF2660059D055;
					};
					24C6D8F2213DF2670059D055 = {
						CreatedOnToolsVersion = 9.2;
						ProvisioningStyle = Automatic;
						TestTargetID = 24C6D8CF213DF2660059D055;
					};
				};
			};
			buildConfigurationList = 24C6D8CB213DF2660059D055 /* Build configuration list for PBXProject "MoviesApp" */;
			compatibilityVersion = "Xcode 8.0";
			developmentRegion = en;
			hasScannedForEncodings = 0;
			knownRegions = (
				en,
				Base,
			);
			mainGroup = 24C6D8C7213DF2660059D055;
			productRefGroup = 24C6D8D1213DF2660059D055 /* Products */;
			projectDirPath = "";
			projectRoot = "";
			targets = (
				24C6D8CF213DF2660059D055 /* MoviesApp */,
				24C6D8E7213DF2670059D055 /* MoviesAppTests */,
				24C6D8F2213DF2670059D055 /* MoviesAppUITests */,
			);
		};
/* End PBXProject section */

/* Begin PBXResourcesBuildPhase section */
		24C6D8CE213DF2660059D055 /* Resources */ = {
			isa = PBXResourcesBuildPhase;
			buildActionMask = 2147483647;
			files = (
				24057D5221404755005B7AD7 /* api.plist in Resources */,
				240A592B214955F80069119C /* star.png in Resources */,
				244E615D2146F4AE00D9F40F /* highestRated.png in Resources */,
				244CDB5C213E4EB900E47683 /* HomeTab.png in Resources */,
				24C6D8DD213DF2670059D055 /* Assets.xcassets in Resources */,
				24C6D8DB213DF2670059D055 /* Main.storyboard in Resources */,
				240A592F214956CA0069119C /* movie.png in Resources */,
				244E615E2146F4AE00D9F40F /* mostPopular.png in Resources */,
				241237132147DB2C004EADAD /* nonStarred.png in Resources */,
				2483B7BC213F1DAC0060FF69 /* FavTab.png in Resources */,
			);
			runOnlyForDeploymentPostprocessing = 0;
		};
		24C6D8E6213DF2670059D055 /* Resources */ = {
			isa = PBXResourcesBuildPhase;
			buildActionMask = 2147483647;
			files = (
			);
			runOnlyForDeploymentPostprocessing = 0;
		};
		24C6D8F1213DF2670059D055 /* Resources */ = {
			isa = PBXResourcesBuildPhase;
			buildActionMask = 2147483647;
			files = (
			);
			runOnlyForDeploymentPostprocessing = 0;
		};
/* End PBXResourcesBuildPhase section */

/* Begin PBXShellScriptBuildPhase section */
		9231CD0C7DEF3ABA766C66E6 /* [CP] Copy Pods Resources */ = {
			isa = PBXShellScriptBuildPhase;
			buildActionMask = 2147483647;
			files = (
			);
			inputPaths = (
				"${SRCROOT}/Pods/Target Support Files/Pods-MoviesApp/Pods-MoviesApp-resources.sh",
				"${PODS_ROOT}/youtube-ios-player-helper/youtube-ios-player-helper/Assets.bundle",
			);
			name = "[CP] Copy Pods Resources";
			outputPaths = (
				"${TARGET_BUILD_DIR}/${UNLOCALIZED_RESOURCES_FOLDER_PATH}/Assets.bundle",
			);
			runOnlyForDeploymentPostprocessing = 0;
			shellPath = /bin/sh;
			shellScript = "\"${SRCROOT}/Pods/Target Support Files/Pods-MoviesApp/Pods-MoviesApp-resources.sh\"\n";
			showEnvVarsInLog = 0;
		};
		970FE1753B32F4F384A3B528 /* [CP] Check Pods Manifest.lock */ = {
			isa = PBXShellScriptBuildPhase;
			buildActionMask = 2147483647;
			files = (
			);
			inputPaths = (
				"${PODS_PODFILE_DIR_PATH}/Podfile.lock",
				"${PODS_ROOT}/Manifest.lock",
			);
			name = "[CP] Check Pods Manifest.lock";
			outputPaths = (
				"$(DERIVED_FILE_DIR)/Pods-MoviesApp-checkManifestLockResult.txt",
			);
			runOnlyForDeploymentPostprocessing = 0;
			shellPath = /bin/sh;
			shellScript = "diff \"${PODS_PODFILE_DIR_PATH}/Podfile.lock\" \"${PODS_ROOT}/Manifest.lock\" > /dev/null\nif [ $? != 0 ] ; then\n    # print error to STDERR\n    echo \"error: The sandbox is not in sync with the Podfile.lock. Run 'pod install' or update your CocoaPods installation.\" >&2\n    exit 1\nfi\n# This output is used by Xcode 'outputs' to avoid re-running this script phase.\necho \"SUCCESS\" > \"${SCRIPT_OUTPUT_FILE_0}\"\n";
			showEnvVarsInLog = 0;
		};
/* End PBXShellScriptBuildPhase section */

/* Begin PBXSourcesBuildPhase section */
		24C6D8CC213DF2660059D055 /* Sources */ = {
			isa = PBXSourcesBuildPhase;
			buildActionMask = 2147483647;
			files = (
				24C6D90A213DF3820059D055 /* MovieDetailsViewController.m in Sources */,
				24C6D8D8213DF2670059D055 /* ViewController.m in Sources */,
				247B6AFA21407E0C00E85BC5 /* Movie.m in Sources */,
				24C6D907213DF2F50059D055 /* HomeCollectionViewController.m in Sources */,
				24C6D8E3213DF2670059D055 /* main.m in Sources */,
				245E2DF8213FE6440049F944 /* FavoritesCollectionViewController.m in Sources */,
				24CC9A2121413EA2006DC240 /* YoutubeViewController.m in Sources */,
				245B4463214A800C00159854 /* Reachability.m in Sources */,
				24C6D8D5213DF2670059D055 /* AppDelegate.m in Sources */,
			);
			runOnlyForDeploymentPostprocessing = 0;
		};
		24C6D8E4213DF2670059D055 /* Sources */ = {
			isa = PBXSourcesBuildPhase;
			buildActionMask = 2147483647;
			files = (
				24C6D8ED213DF2670059D055 /* MoviesAppTests.m in Sources */,
			);
			runOnlyForDeploymentPostprocessing = 0;
		};
		24C6D8EF213DF2670059D055 /* Sources */ = {
			isa = PBXSourcesBuildPhase;
			buildActionMask = 2147483647;
			files = (
				24C6D8F8213DF2670059D055 /* MoviesAppUITests.m in Sources */,
			);
			runOnlyForDeploymentPostprocessing = 0;
		};
/* End PBXSourcesBuildPhase section */

/* Begin PBXTargetDependency section */
		24C6D8EA213DF2670059D055 /* PBXTargetDependency */ = {
			isa = PBXTargetDependency;
			target = 24C6D8CF213DF2660059D055 /* MoviesApp */;
			targetProxy = 24C6D8E9213DF2670059D055 /* PBXContainerItemProxy */;
		};
		24C6D8F5213DF2670059D055 /* PBXTargetDependency */ = {
			isa = PBXTargetDependency;
			target = 24C6D8CF213DF2660059D055 /* MoviesApp */;
			targetProxy = 24C6D8F4213DF2670059D055 /* PBXContainerItemProxy */;
		};
/* End PBXTargetDependency section */

/* Begin PBXVariantGroup section */
		24C6D8D9213DF2670059D055 /* Main.storyboard */ = {
			isa = PBXVariantGroup;
			children = (
				24C6D8DA213DF2670059D055 /* Base */,
			);
			name = Main.storyboard;
			sourceTree = "<group>";
		};
/* End PBXVariantGroup section */

/* Begin XCBuildConfiguration section */
		24C6D8FA213DF2670059D055 /* Debug */ = {
			isa = XCBuildConfiguration;
			buildSettings = {
				ALWAYS_SEARCH_USER_PATHS = NO;
				CLANG_ANALYZER_NONNULL = YES;
				CLANG_ANALYZER_NUMBER_OBJECT_CONVERSION = YES_AGGRESSIVE;
				CLANG_CXX_LANGUAGE_STANDARD = "gnu++14";
				CLANG_CXX_LIBRARY = "libc++";
				CLANG_ENABLE_MODULES = YES;
				CLANG_ENABLE_OBJC_ARC = YES;
				CLANG_WARN_BLOCK_CAPTURE_AUTORELEASING = YES;
				CLANG_WARN_BOOL_CONVERSION = YES;
				CLANG_WARN_COMMA = YES;
				CLANG_WARN_CONSTANT_CONVERSION = YES;
				CLANG_WARN_DIRECT_OBJC_ISA_USAGE = YES_ERROR;
				CLANG_WARN_DOCUMENTATION_COMMENTS = YES;
				CLANG_WARN_EMPTY_BODY = YES;
				CLANG_WARN_ENUM_CONVERSION = YES;
				CLANG_WARN_INFINITE_RECURSION = YES;
				CLANG_WARN_INT_CONVERSION = YES;
				CLANG_WARN_NON_LITERAL_NULL_CONVERSION = YES;
				CLANG_WARN_OBJC_LITERAL_CONVERSION = YES;
				CLANG_WARN_OBJC_ROOT_CLASS = YES_ERROR;
				CLANG_WARN_RANGE_LOOP_ANALYSIS = YES;
				CLANG_WARN_STRICT_PROTOTYPES = YES;
				CLANG_WARN_SUSPICIOUS_MOVE = YES;
				CLANG_WARN_UNGUARDED_AVAILABILITY = YES_AGGRESSIVE;
				CLANG_WARN_UNREACHABLE_CODE = YES;
				CLANG_WARN__DUPLICATE_METHOD_MATCH = YES;
				CODE_SIGN_IDENTITY = "iPhone Developer";
				COPY_PHASE_STRIP = NO;
				DEBUG_INFORMATION_FORMAT = dwarf;
				ENABLE_STRICT_OBJC_MSGSEND = YES;
				ENABLE_TESTABILITY = YES;
				GCC_C_LANGUAGE_STANDARD = gnu11;
				GCC_DYNAMIC_NO_PIC = NO;
				GCC_NO_COMMON_BLOCKS = YES;
				GCC_OPTIMIZATION_LEVEL = 0;
				GCC_PREPROCESSOR_DEFINITIONS = (
					"DEBUG=1",
					"$(inherited)",
				);
				GCC_WARN_64_TO_32_BIT_CONVERSION = YES;
				GCC_WARN_ABOUT_RETURN_TYPE = YES_ERROR;
				GCC_WARN_UNDECLARED_SELECTOR = YES;
				GCC_WARN_UNINITIALIZED_AUTOS = YES_AGGRESSIVE;
				GCC_WARN_UNUSED_FUNCTION = YES;
				GCC_WARN_UNUSED_VARIABLE = YES;
				IPHONEOS_DEPLOYMENT_TARGET = 11.2;
				MTL_ENABLE_DEBUG_INFO = YES;
				ONLY_ACTIVE_ARCH = YES;
				SDKROOT = iphoneos;
			};
			name = Debug;
		};
		24C6D8FB213DF2670059D055 /* Release */ = {
			isa = XCBuildConfiguration;
			buildSettings = {
				ALWAYS_SEARCH_USER_PATHS = NO;
				CLANG_ANALYZER_NONNULL = YES;
				CLANG_ANALYZER_NUMBER_OBJECT_CONVERSION = YES_AGGRESSIVE;
				CLANG_CXX_LANGUAGE_STANDARD = "gnu++14";
				CLANG_CXX_LIBRARY = "libc++";
				CLANG_ENABLE_MODULES = YES;
				CLANG_ENABLE_OBJC_ARC = YES;
				CLANG_WARN_BLOCK_CAPTURE_AUTORELEASING = YES;
				CLANG_WARN_BOOL_CONVERSION = YES;
				CLANG_WARN_COMMA = YES;
				CLANG_WARN_CONSTANT_CONVERSION = YES;
				CLANG_WARN_DIRECT_OBJC_ISA_USAGE = YES_ERROR;
				CLANG_WARN_DOCUMENTATION_COMMENTS = YES;
				CLANG_WARN_EMPTY_BODY = YES;
				CLANG_WARN_ENUM_CONVERSION = YES;
				CLANG_WARN_INFINITE_RECURSION = YES;
				CLANG_WARN_INT_CONVERSION = YES;
				CLANG_WARN_NON_LITERAL_NULL_CONVERSION = YES;
				CLANG_WARN_OBJC_LITERAL_CONVERSION = YES;
				CLANG_WARN_OBJC_ROOT_CLASS = YES_ERROR;
				CLANG_WARN_RANGE_LOOP_ANALYSIS = YES;
				CLANG_WARN_STRICT_PROTOTYPES = YES;
				CLANG_WARN_SUSPICIOUS_MOVE = YES;
				CLANG_WARN_UNGUARDED_AVAILABILITY = YES_AGGRESSIVE;
				CLANG_WARN_UNREACHABLE_CODE = YES;
				CLANG_WARN__DUPLICATE_METHOD_MATCH = YES;
				CODE_SIGN_IDENTITY = "iPhone Developer";
				COPY_PHASE_STRIP = NO;
				DEBUG_INFORMATION_FORMAT = "dwarf-with-dsym";
				ENABLE_NS_ASSERTIONS = NO;
				ENABLE_STRICT_OBJC_MSGSEND = YES;
				GCC_C_LANGUAGE_STANDARD = gnu11;
				GCC_NO_COMMON_BLOCKS = YES;
				GCC_WARN_64_TO_32_BIT_CONVERSION = YES;
				GCC_WARN_ABOUT_RETURN_TYPE = YES_ERROR;
				GCC_WARN_UNDECLARED_SELECTOR = YES;
				GCC_WARN_UNINITIALIZED_AUTOS = YES_AGGRESSIVE;
				GCC_WARN_UNUSED_FUNCTION = YES;
				GCC_WARN_UNUSED_VARIABLE = YES;
				IPHONEOS_DEPLOYMENT_TARGET = 11.2;
				MTL_ENABLE_DEBUG_INFO = NO;
				SDKROOT = iphoneos;
				VALIDATE_PRODUCT = YES;
			};
			name = Release;
		};
		24C6D8FD213DF2670059D055 /* Debug */ = {
			isa = XCBuildConfiguration;
			baseConfigurationReference = 245F8408D485720D8671DA0F /* Pods-MoviesApp.debug.xcconfig */;
			buildSettings = {
				ASSETCATALOG_COMPILER_APPICON_NAME = AppIcon;
				ASSETCATALOG_COMPILER_LAUNCHIMAGE_NAME = LaunchImage;
				CODE_SIGN_STYLE = Automatic;
				INFOPLIST_FILE = MoviesApp/Info.plist;
				LD_RUNPATH_SEARCH_PATHS = "$(inherited) @executable_path/Frameworks";
				PRODUCT_BUNDLE_IDENTIFIER = ITI.MoviesApp;
				PRODUCT_NAME = "$(TARGET_NAME)";
				TARGETED_DEVICE_FAMILY = 1;
			};
			name = Debug;
		};
		24C6D8FE213DF2670059D055 /* Release */ = {
			isa = XCBuildConfiguration;
			baseConfigurationReference = 702D8833CFACC0A6D23E6A3D /* Pods-MoviesApp.release.xcconfig */;
			buildSettings = {
				ASSETCATALOG_COMPILER_APPICON_NAME = AppIcon;
				ASSETCATALOG_COMPILER_LAUNCHIMAGE_NAME = LaunchImage;
				CODE_SIGN_STYLE = Automatic;
				INFOPLIST_FILE = MoviesApp/Info.plist;
				LD_RUNPATH_SEARCH_PATHS = "$(inherited) @executable_path/Frameworks";
				PRODUCT_BUNDLE_IDENTIFIER = ITI.MoviesApp;
				PRODUCT_NAME = "$(TARGET_NAME)";
				TARGETED_DEVICE_FAMILY = 1;
			};
			name = Release;
		};
		24C6D900213DF2670059D055 /* Debug */ = {
			isa = XCBuildConfiguration;
			buildSettings = {
				BUNDLE_LOADER = "$(TEST_HOST)";
				CODE_SIGN_STYLE = Automatic;
				INFOPLIST_FILE = MoviesAppTests/Info.plist;
				LD_RUNPATH_SEARCH_PATHS = "$(inherited) @executable_path/Frameworks @loader_path/Frameworks";
				PRODUCT_BUNDLE_IDENTIFIER = ITI.MoviesAppTests;
				PRODUCT_NAME = "$(TARGET_NAME)";
				TARGETED_DEVICE_FAMILY = "1,2";
				TEST_HOST = "$(BUILT_PRODUCTS_DIR)/MoviesApp.app/MoviesApp";
			};
			name = Debug;
		};
		24C6D901213DF2670059D055 /* Release */ = {
			isa = XCBuildConfiguration;
			buildSettings = {
				BUNDLE_LOADER = "$(TEST_HOST)";
				CODE_SIGN_STYLE = Automatic;
				INFOPLIST_FILE = MoviesAppTests/Info.plist;
				LD_RUNPATH_SEARCH_PATHS = "$(inherited) @executable_path/Frameworks @loader_path/Frameworks";
				PRODUCT_BUNDLE_IDENTIFIER = ITI.MoviesAppTests;
				PRODUCT_NAME = "$(TARGET_NAME)";
				TARGETED_DEVICE_FAMILY = "1,2";
				TEST_HOST = "$(BUILT_PRODUCTS_DIR)/MoviesApp.app/MoviesApp";
			};
			name = Release;
		};
		24C6D903213DF2670059D055 /* Debug */ = {
			isa = XCBuildConfiguration;
			buildSettings = {
				CODE_SIGN_STYLE = Automatic;
				INFOPLIST_FILE = MoviesAppUITests/Info.plist;
				LD_RUNPATH_SEARCH_PATHS = "$(inherited) @executable_path/Frameworks @loader_path/Frameworks";
				PRODUCT_BUNDLE_IDENTIFIER = ITI.MoviesAppUITests;
				PRODUCT_NAME = "$(TARGET_NAME)";
				TARGETED_DEVICE_FAMILY = "1,2";
				TEST_TARGET_NAME = MoviesApp;
			};
			name = Debug;
		};
		24C6D904213DF2670059D055 /* Release */ = {
			isa = XCBuildConfiguration;
			buildSettings = {
				CODE_SIGN_STYLE = Automatic;
				INFOPLIST_FILE = MoviesAppUITests/Info.plist;
				LD_RUNPATH_SEARCH_PATHS = "$(inherited) @executable_path/Frameworks @loader_path/Frameworks";
				PRODUCT_BUNDLE_IDENTIFIER = ITI.MoviesAppUITests;
				PRODUCT_NAME = "$(TARGET_NAME)";
				TARGETED_DEVICE_FAMILY = "1,2";
				TEST_TARGET_NAME = MoviesApp;
			};
			name = Release;
		};
/* End XCBuildConfiguration section */

/* Begin XCConfigurationList section */
		24C6D8CB213DF2660059D055 /* Build configuration list for PBXProject "MoviesApp" */ = {
			isa = XCConfigurationList;
			buildConfigurations = (
				24C6D8FA213DF2670059D055 /* Debug */,
				24C6D8FB213DF2670059D055 /* Release */,
			);
			defaultConfigurationIsVisible = 0;
			defaultConfigurationName = Release;
		};
		24C6D8FC213DF2670059D055 /* Build configuration list for PBXNativeTarget "MoviesApp" */ = {
			isa = XCConfigurationList;
			buildConfigurations = (
				24C6D8FD213DF2670059D055 /* Debug */,
				24C6D8FE213DF2670059D055 /* Release */,
			);
			defaultConfigurationIsVisible = 0;
			defaultConfigurationName = Release;
		};
		24C6D8FF213DF2670059D055 /* Build configuration list for PBXNativeTarget "MoviesAppTests" */ = {
			isa = XCConfigurationList;
			buildConfigurations = (
				24C6D900213DF2670059D055 /* Debug */,
				24C6D901213DF2670059D055 /* Release */,
			);
			defaultConfigurationIsVisible = 0;
			defaultConfigurationName = Release;
		};
		24C6D902213DF2670059D055 /* Build configuration list for PBXNativeTarget "MoviesAppUITests" */ = {
			isa = XCConfigurationList;
			buildConfigurations = (
				24C6D903213DF2670059D055 /* Debug */,
				24C6D904213DF2670059D055 /* Release */,
			);
			defaultConfigurationIsVisible = 0;
			defaultConfigurationName = Release;
		};
/* End XCConfigurationList section */
	};
	rootObject = 24C6D8C8213DF2660059D055 /* Project object */;
}
